// !$*UTF8*$!
{
	archiveVersion = 1;
	classes = {
	};
	objectVersion = 46;
	objects = {

/* Begin PBXBuildFile section */
		901287EA1E9C61D300E23332 /* main.cpp in Sources */ = {isa = PBXBuildFile; fileRef = 901287E91E9C61D300E23332 /* main.cpp */; };
		901287F31E9C622D00E23332 /* libcrypto.a in Frameworks */ = {isa = PBXBuildFile; fileRef = 901287F11E9C622D00E23332 /* libcrypto.a */; };
		901287F41E9C622D00E23332 /* libssl.a in Frameworks */ = {isa = PBXBuildFile; fileRef = 901287F21E9C622D00E23332 /* libssl.a */; };
/* End PBXBuildFile section */

/* Begin PBXCopyFilesBuildPhase section */
		901287E41E9C61D300E23332 /* CopyFiles */ = {
			isa = PBXCopyFilesBuildPhase;
			buildActionMask = 2147483647;
			dstPath = /usr/share/man/man1/;
			dstSubfolderSpec = 0;
			files = (
			);
			runOnlyForDeploymentPostprocessing = 1;
		};
/* End PBXCopyFilesBuildPhase section */

/* Begin PBXFileReference section */
		901287E61E9C61D300E23332 /* SSLClient */ = {isa = PBXFileReference; explicitFileType = "compiled.mach-o.executable"; includeInIndex = 0; path = SSLClient; sourceTree = BUILT_PRODUCTS_DIR; };
		901287E91E9C61D300E23332 /* main.cpp */ = {isa = PBXFileReference; lastKnownFileType = sourcecode.cpp.cpp; path = main.cpp; sourceTree = "<group>"; };
		901287F11E9C622D00E23332 /* libcrypto.a */ = {isa = PBXFileReference; lastKnownFileType = archive.ar; name = libcrypto.a; path = ../../../../../usr/local/lib/libcrypto.a; sourceTree = "<group>"; };
		901287F21E9C622D00E23332 /* libssl.a */ = {isa = PBXFileReference; lastKnownFileType = archive.ar; name = libssl.a; path = ../../../../../usr/local/lib/libssl.a; sourceTree = "<group>"; };
/* End PBXFileReference section */

/* Begin PBXFrameworksBuildPhase section */
		901287E31E9C61D300E23332 /* Frameworks */ = {
			isa = PBXFrameworksBuildPhase;
			buildActionMask = 2147483647;
			files = (
				901287F31E9C622D00E23332 /* libcrypto.a in Frameworks */,
				901287F41E9C622D00E23332 /* libssl.a in Frameworks */,
			);
			runOnlyForDeploymentPostprocessing = 0;
		};
/* End PBXFrameworksBuildPhase section */

/* Begin PBXGroup section */
		901287DD1E9C61D300E23332 = {
			isa = PBXGroup;
			children = (
				901287E81E9C61D300E23332 /* SSLClient */,
				901287E71E9C61D300E23332 /* Products */,
				901287F01E9C622D00E23332 /* Frameworks */,
			);
			sourceTree = "<group>";
		};
		901287E71E9C61D300E23332 /* Products */ = {
			isa = PBXGroup;
			children = (
				901287E61E9C61D300E23332 /* SSLClient */,
			);
			name = Products;
			sourceTree = "<group>";
		};
		901287E81E9C61D300E23332 /* SSLClient */ = {
			isa = PBXGroup;
			children = (
				901287E91E9C61D300E23332 /* main.cpp */,
			);
			path = SSLClient;
			sourceTree = "<group>";
		};
		901287F01E9C622D00E23332 /* Frameworks */ = {
			isa = PBXGroup;
			children = (
				901287F11E9C622D00E23332 /* libcrypto.a */,
				901287F21E9C622D00E23332 /* libssl.a */,
			);
			name = Frameworks;
			sourceTree = "<group>";
		};
/* End PBXGroup section */

/* Begin PBXNativeTarget section */
		901287E51E9C61D300E23332 /* SSLClient */ = {
			isa = PBXNativeTarget;
			buildConfigurationList = 901287ED1E9C61D300E23332 /* Build configuration list for PBXNativeTarget "SSLClient" */;
			buildPhases = (
				901287E21E9C61D300E23332 /* Sources */,
				901287E31E9C61D300E23332 /* Frameworks */,
				901287E41E9C61D300E23332 /* CopyFiles */,
			);
			buildRules = (
			);
			dependencies = (
			);
			name = SSLClient;
			productName = SSLClient;
			productReference = 901287E61E9C61D300E23332 /* SSLClient */;
			productType = "com.apple.product-type.tool";
		};
/* End PBXNativeTarget section */

/* Begin PBXProject section */
		901287DE1E9C61D300E23332 /* Project object */ = {
			isa = PBXProject;
			attributes = {
				LastUpgradeCheck = 0810;
				ORGANIZATIONNAME = "Sung Han Park";
				TargetAttributes = {
					901287E51E9C61D300E23332 = {
						CreatedOnToolsVersion = 8.1;
						ProvisioningStyle = Automatic;
					};
				};
			};
			buildConfigurationList = 901287E11E9C61D300E23332 /* Build configuration list for PBXProject "SSLClient" */;
			compatibilityVersion = "Xcode 3.2";
			developmentRegion = English;
			hasScannedForEncodings = 0;
			knownRegions = (
				en,
			);
			mainGroup = 901287DD1E9C61D300E23332;
			productRefGroup = 901287E71E9C61D300E23332 /* Products */;
			projectDirPath = "";
			projectRoot = "";
			targets = (
				901287E51E9C61D300E23332 /* SSLClient */,
			);
		};
/* End PBXProject section */

/* Begin PBXSourcesBuildPhase section */
		901287E21E9C61D300E23332 /* Sources */ = {
			isa = PBXSourcesBuildPhase;
			buildActionMask = 2147483647;
			files = (
				901287EA1E9C61D300E23332 /* main.cpp in Sources */,
			);
			runOnlyForDeploymentPostprocessing = 0;
		};
/* End PBXSourcesBuildPhase section */

/* Begin XCBuildConfiguration section */
		901287EB1E9C61D300E23332 /* Debug */ = {
			isa = XCBuildConfiguration;
			buildSettings = {
				ALWAYS_SEARCH_USER_PATHS = NO;
				CLANG_ANALYZER_NONNULL = YES;
				CLANG_CXX_LANGUAGE_STANDARD = "gnu++0x";
				CLANG_CXX_LIBRARY = "libc++";
				CLANG_ENABLE_MODULES = YES;
				CLANG_ENABLE_OBJC_ARC = YES;
				CLANG_WARN_BOOL_CONVERSION = YES;
				CLANG_WARN_CONSTANT_CONVERSION = YES;
				CLANG_WARN_DIRECT_OBJC_ISA_USAGE = YES_ERROR;
				CLANG_WARN_DOCUMENTATION_COMMENTS = YES;
				CLANG_WARN_EMPTY_BODY = YES;
				CLANG_WARN_ENUM_CONVERSION = YES;
				CLANG_WARN_INFINITE_RECURSION = YES;
				CLANG_WARN_INT_CONVERSION = YES;
				CLANG_WARN_OBJC_ROOT_CLASS = YES_ERROR;
				CLANG_WARN_SUSPICIOUS_MOVES = YES;
				CLANG_WARN_UNREACHABLE_CODE = YES;
				CLANG_WARN__DUPLICATE_METHOD_MATCH = YES;
				CODE_SIGN_IDENTITY = "-";
				COPY_PHASE_STRIP = NO;
				DEBUG_INFORMATION_FORMAT = dwarf;
				ENABLE_STRICT_OBJC_MSGSEND = YES;
				ENABLE_TESTABILITY = YES;
				GCC_C_LANGUAGE_STANDARD = gnu99;
				GCC_DYNAMIC_NO_PIC = NO;
				GCC_NO_COMMON_BLOCKS = YES;
				GCC_OPTIMIZATION_LEVEL = 0;
				GCC_PREPROCESSOR_DEFINITIONS = (
					"DEBUG=1",
					"$(inherited)",
				);
				GCC_WARN_64_TO_32_BIT_CONVERSION = YES;
				GCC_WARN_ABOUT_RETURN_TYPE = YES_ERROR;
				GCC_WARN_UNDECLARED_SELECTOR = YES;
				GCC_WARN_UNINITIALIZED_AUTOS = YES_AGGRESSIVE;
				GCC_WARN_UNUSED_FUNCTION = YES;
				GCC_WARN_UNUSED_VARIABLE = YES;
				HEADER_SEARCH_PATHS = (
					"../asio-1.10.8/include",
					../shan,
					/usr/local/include,
				);
				LIBRARY_SEARCH_PATHS = /usr/local/lib;
				MACOSX_DEPLOYMENT_TARGET = 10.12;
				MTL_ENABLE_DEBUG_INFO = YES;
				ONLY_ACTIVE_ARCH = YES;
				SDKROOT = macosx;
			};
			name = Debug;
		};
		901287EC1E9C61D300E23332 /* Release */ = {
			isa = XCBuildConfiguration;
			buildSettings = {
				ALWAYS_SEARCH_USER_PATHS = NO;
				CLANG_ANALYZER_NONNULL = YES;
				CLANG_CXX_LANGUAGE_STANDARD = "gnu++0x";
				CLANG_CXX_LIBRARY = "libc++";
				CLANG_ENABLE_MODULES = YES;
				CLANG_ENABLE_OBJC_ARC = YES;
				CLANG_WARN_BOOL_CONVERSION = YES;
				CLANG_WARN_CONSTANT_CONVERSION = YES;
				CLANG_WARN_DIRECT_OBJC_ISA_USAGE = YES_ERROR;
				CLANG_WARN_DOCUMENTATION_COMMENTS = YES;
				CLANG_WARN_EMPTY_BODY = YES;
				CLANG_WARN_ENUM_CONVERSION = YES;
				CLANG_WARN_INFINITE_RECURSION = YES;
				CLANG_WARN_INT_CONVERSION = YES;
				CLANG_WARN_OBJC_ROOT_CLASS = YES_ERROR;
				CLANG_WARN_SUSPICIOUS_MOVES = YES;
				CLANG_WARN_UNREACHABLE_CODE = YES;
				CLANG_WARN__DUPLICATE_METHOD_MATCH = YES;
				CODE_SIGN_IDENTITY = "-";
				COPY_PHASE_STRIP = NO;
				DEBUG_INFORMATION_FORMAT = "dwarf-with-dsym";
				ENABLE_NS_ASSERTIONS = NO;
				ENABLE_STRICT_OBJC_MSGSEND = YES;
				GCC_C_LANGUAGE_STANDARD = gnu99;
				GCC_NO_COMMON_BLOCKS = YES;
				GCC_WARN_64_TO_32_BIT_CONVERSION = YES;
				GCC_WARN_ABOUT_RETURN_TYPE = YES_ERROR;
				GCC_WARN_UNDECLARED_SELECTOR = YES;
				GCC_WARN_UNINITIALIZED_AUTOS = YES_AGGRESSIVE;
				GCC_WARN_UNUSED_FUNCTION = YES;
				GCC_WARN_UNUSED_VARIABLE = YES;
				HEADER_SEARCH_PATHS = (
					"../asio-1.10.8/include",
					../shan,
					/usr/local/include,
				);
				LIBRARY_SEARCH_PATHS = /usr/local/lib;
				MACOSX_DEPLOYMENT_TARGET = 10.12;
				MTL_ENABLE_DEBUG_INFO = NO;
				SDKROOT = macosx;
			};
			name = Release;
		};
		901287EE1E9C61D300E23332 /* Debug */ = {
			isa = XCBuildConfiguration;
			buildSettings = {
				PRODUCT_NAME = "$(TARGET_NAME)";
			};
			name = Debug;
		};
		901287EF1E9C61D300E23332 /* Release */ = {
			isa = XCBuildConfiguration;
			buildSettings = {
				PRODUCT_NAME = "$(TARGET_NAME)";
			};
			name = Release;
		};
/* End XCBuildConfiguration section */

/* Begin XCConfigurationList section */
		901287E11E9C61D300E23332 /* Build configuration list for PBXProject "SSLClient" */ = {
			isa = XCConfigurationList;
			buildConfigurations = (
				901287EB1E9C61D300E23332 /* Debug */,
				901287EC1E9C61D300E23332 /* Release */,
			);
			defaultConfigurationIsVisible = 0;
			defaultConfigurationName = Release;
		};
		901287ED1E9C61D300E23332 /* Build configuration list for PBXNativeTarget "SSLClient" */ = {
			isa = XCConfigurationList;
			buildConfigurations = (
				901287EE1E9C61D300E23332 /* Debug */,
				901287EF1E9C61D300E23332 /* Release */,
			);
			defaultConfigurationIsVisible = 0;
			defaultConfigurationName = Release;
		};
/* End XCConfigurationList section */
	};
	rootObject = 901287DE1E9C61D300E23332 /* Project object */;
}
