// !$*UTF8*$!
{
	archiveVersion = 1;
	classes = {
	};
	objectVersion = 46;
	objects = {

/* Begin PBXBuildFile section */
		901626171E6853BA004EF9E4 /* json_test.cpp in Sources */ = {isa = PBXBuildFile; fileRef = 901626151E6853BA004EF9E4 /* json_test.cpp */; };
		903C0D081E64592200D5F752 /* main.cpp in Sources */ = {isa = PBXBuildFile; fileRef = 903C0D071E64592200D5F752 /* main.cpp */; };
/* End PBXBuildFile section */

/* Begin PBXCopyFilesBuildPhase section */
		903C0D021E64592200D5F752 /* CopyFiles */ = {
			isa = PBXCopyFilesBuildPhase;
			buildActionMask = 2147483647;
			dstPath = /usr/share/man/man1/;
			dstSubfolderSpec = 0;
			files = (
			);
			runOnlyForDeploymentPostprocessing = 1;
		};
/* End PBXCopyFilesBuildPhase section */

/* Begin PBXFileReference section */
		901626151E6853BA004EF9E4 /* json_test.cpp */ = {isa = PBXFileReference; fileEncoding = 4; lastKnownFileType = sourcecode.cpp.cpp; path = json_test.cpp; sourceTree = "<group>"; };
		901626161E6853BA004EF9E4 /* json_test.h */ = {isa = PBXFileReference; fileEncoding = 4; lastKnownFileType = sourcecode.c.h; path = json_test.h; sourceTree = "<group>"; };
		903C0D041E64592200D5F752 /* Shan.JSON */ = {isa = PBXFileReference; explicitFileType = "compiled.mach-o.executable"; includeInIndex = 0; path = Shan.JSON; sourceTree = BUILT_PRODUCTS_DIR; };
		903C0D071E64592200D5F752 /* main.cpp */ = {isa = PBXFileReference; lastKnownFileType = sourcecode.cpp.cpp; path = main.cpp; sourceTree = "<group>"; };
		90897B4D1EC85316005020AF /* streambuf.h */ = {isa = PBXFileReference; fileEncoding = 4; lastKnownFileType = sourcecode.c.h; name = streambuf.h; path = ../include/shan/util/streambuf.h; sourceTree = "<group>"; };
		90897B4E1EC85316005020AF /* exception.h */ = {isa = PBXFileReference; fileEncoding = 4; lastKnownFileType = sourcecode.c.h; name = exception.h; path = ../include/shan/util/exception.h; sourceTree = "<group>"; };
		90897B4F1EC85316005020AF /* util.h */ = {isa = PBXFileReference; fileEncoding = 4; lastKnownFileType = sourcecode.c.h; name = util.h; path = ../include/shan/util/util.h; sourceTree = "<group>"; };
		90897B501EC85322005020AF /* utf.h */ = {isa = PBXFileReference; fileEncoding = 4; lastKnownFileType = sourcecode.c.h; name = utf.h; path = ../include/shan/unicode/utf.h; sourceTree = "<group>"; };
		90897B511EC8532F005020AF /* object.h */ = {isa = PBXFileReference; fileEncoding = 4; lastKnownFileType = sourcecode.c.h; name = object.h; path = ../include/shan/object.h; sourceTree = "<group>"; };
		90897B521EC85351005020AF /* exception.h */ = {isa = PBXFileReference; fileEncoding = 4; lastKnownFileType = sourcecode.c.h; name = exception.h; path = ../include/shan/json/exception.h; sourceTree = "<group>"; };
		90897B531EC85351005020AF /* value.h */ = {isa = PBXFileReference; fileEncoding = 4; lastKnownFileType = sourcecode.c.h; name = value.h; path = ../include/shan/json/value.h; sourceTree = "<group>"; };
		90897B541EC85351005020AF /* array.h */ = {isa = PBXFileReference; fileEncoding = 4; lastKnownFileType = sourcecode.c.h; name = array.h; path = ../include/shan/json/array.h; sourceTree = "<group>"; };
		90897B551EC85351005020AF /* true_value.h */ = {isa = PBXFileReference; fileEncoding = 4; lastKnownFileType = sourcecode.c.h; name = true_value.h; path = ../include/shan/json/true_value.h; sourceTree = "<group>"; };
		90897B561EC85351005020AF /* string.h */ = {isa = PBXFileReference; fileEncoding = 4; lastKnownFileType = sourcecode.c.h; name = string.h; path = ../include/shan/json/string.h; sourceTree = "<group>"; };
		90897B571EC85351005020AF /* object.h */ = {isa = PBXFileReference; fileEncoding = 4; lastKnownFileType = sourcecode.c.h; name = object.h; path = ../include/shan/json/object.h; sourceTree = "<group>"; };
		90897B581EC85351005020AF /* number.h */ = {isa = PBXFileReference; fileEncoding = 4; lastKnownFileType = sourcecode.c.h; name = number.h; path = ../include/shan/json/number.h; sourceTree = "<group>"; };
		90897B591EC85351005020AF /* null_value.h */ = {isa = PBXFileReference; fileEncoding = 4; lastKnownFileType = sourcecode.c.h; name = null_value.h; path = ../include/shan/json/null_value.h; sourceTree = "<group>"; };
		90897B5A1EC85351005020AF /* false_value.h */ = {isa = PBXFileReference; fileEncoding = 4; lastKnownFileType = sourcecode.c.h; name = false_value.h; path = ../include/shan/json/false_value.h; sourceTree = "<group>"; };
		90897B5C1EC853E4005020AF /* json.h */ = {isa = PBXFileReference; fileEncoding = 4; lastKnownFileType = sourcecode.c.h; name = json.h; path = ../include/shan/json.h; sourceTree = "<group>"; };
/* End PBXFileReference section */

/* Begin PBXFrameworksBuildPhase section */
		903C0D011E64592200D5F752 /* Frameworks */ = {
			isa = PBXFrameworksBuildPhase;
			buildActionMask = 2147483647;
			files = (
			);
			runOnlyForDeploymentPostprocessing = 0;
		};
/* End PBXFrameworksBuildPhase section */

/* Begin PBXGroup section */
		9000DF2F1E757AEB0005C91F /* util */ = {
			isa = PBXGroup;
			children = (
				90897B4D1EC85316005020AF /* streambuf.h */,
				90897B4E1EC85316005020AF /* exception.h */,
				90897B4F1EC85316005020AF /* util.h */,
			);
			name = util;
			sourceTree = "<group>";
		};
		903C0CFB1E64592200D5F752 = {
			isa = PBXGroup;
			children = (
				903C0D0E1E645A5500D5F752 /* shan */,
				903C0D061E64592200D5F752 /* Shan.JSON */,
				903C0D051E64592200D5F752 /* Products */,
			);
			sourceTree = "<group>";
		};
		903C0D051E64592200D5F752 /* Products */ = {
			isa = PBXGroup;
			children = (
				903C0D041E64592200D5F752 /* Shan.JSON */,
			);
			name = Products;
			sourceTree = "<group>";
		};
		903C0D061E64592200D5F752 /* Shan.JSON */ = {
			isa = PBXGroup;
			children = (
				903C0D071E64592200D5F752 /* main.cpp */,
				901626151E6853BA004EF9E4 /* json_test.cpp */,
				901626161E6853BA004EF9E4 /* json_test.h */,
			);
			path = Shan.JSON;
			sourceTree = "<group>";
		};
		903C0D0E1E645A5500D5F752 /* shan */ = {
			isa = PBXGroup;
			children = (
				90897B5C1EC853E4005020AF /* json.h */,
				90897B511EC8532F005020AF /* object.h */,
				907E91641E65B14900CEFC66 /* unicode */,
				903C0D101E645CC200D5F752 /* json */,
				9000DF2F1E757AEB0005C91F /* util */,
			);
			name = shan;
			sourceTree = "<group>";
		};
		903C0D101E645CC200D5F752 /* json */ = {
			isa = PBXGroup;
			children = (
				90897B521EC85351005020AF /* exception.h */,
				90897B531EC85351005020AF /* value.h */,
				90897B541EC85351005020AF /* array.h */,
				90897B551EC85351005020AF /* true_value.h */,
				90897B561EC85351005020AF /* string.h */,
				90897B571EC85351005020AF /* object.h */,
				90897B581EC85351005020AF /* number.h */,
				90897B591EC85351005020AF /* null_value.h */,
				90897B5A1EC85351005020AF /* false_value.h */,
			);
			name = json;
			sourceTree = "<group>";
		};
		907E91641E65B14900CEFC66 /* unicode */ = {
			isa = PBXGroup;
			children = (
				90897B501EC85322005020AF /* utf.h */,
			);
			name = unicode;
			sourceTree = "<group>";
		};
/* End PBXGroup section */

/* Begin PBXNativeTarget section */
		903C0D031E64592200D5F752 /* Shan.JSON */ = {
			isa = PBXNativeTarget;
			buildConfigurationList = 903C0D0B1E64592200D5F752 /* Build configuration list for PBXNativeTarget "Shan.JSON" */;
			buildPhases = (
				903C0D001E64592200D5F752 /* Sources */,
				903C0D011E64592200D5F752 /* Frameworks */,
				903C0D021E64592200D5F752 /* CopyFiles */,
			);
			buildRules = (
			);
			dependencies = (
			);
			name = Shan.JSON;
			productName = Shan.JSON;
			productReference = 903C0D041E64592200D5F752 /* Shan.JSON */;
			productType = "com.apple.product-type.tool";
		};
/* End PBXNativeTarget section */

/* Begin PBXProject section */
		903C0CFC1E64592200D5F752 /* Project object */ = {
			isa = PBXProject;
			attributes = {
				LastUpgradeCheck = 0810;
				ORGANIZATIONNAME = "Sung Han Park";
				TargetAttributes = {
					903C0D031E64592200D5F752 = {
						CreatedOnToolsVersion = 8.1;
						ProvisioningStyle = Automatic;
					};
				};
			};
			buildConfigurationList = 903C0CFF1E64592200D5F752 /* Build configuration list for PBXProject "Shan.JSON" */;
			compatibilityVersion = "Xcode 3.2";
			developmentRegion = English;
			hasScannedForEncodings = 0;
			knownRegions = (
				en,
			);
			mainGroup = 903C0CFB1E64592200D5F752;
			productRefGroup = 903C0D051E64592200D5F752 /* Products */;
			projectDirPath = "";
			projectRoot = "";
			targets = (
				903C0D031E64592200D5F752 /* Shan.JSON */,
			);
		};
/* End PBXProject section */

/* Begin PBXSourcesBuildPhase section */
		903C0D001E64592200D5F752 /* Sources */ = {
			isa = PBXSourcesBuildPhase;
			buildActionMask = 2147483647;
			files = (
				903C0D081E64592200D5F752 /* main.cpp in Sources */,
				901626171E6853BA004EF9E4 /* json_test.cpp in Sources */,
			);
			runOnlyForDeploymentPostprocessing = 0;
		};
/* End PBXSourcesBuildPhase section */

/* Begin XCBuildConfiguration section */
		903C0D091E64592200D5F752 /* Debug */ = {
			isa = XCBuildConfiguration;
			buildSettings = {
				ALWAYS_SEARCH_USER_PATHS = NO;
				CLANG_ANALYZER_NONNULL = YES;
				CLANG_CXX_LANGUAGE_STANDARD = "c++14";
				CLANG_CXX_LIBRARY = "libc++";
				CLANG_ENABLE_MODULES = YES;
				CLANG_ENABLE_OBJC_ARC = YES;
				CLANG_WARN_BOOL_CONVERSION = YES;
				CLANG_WARN_CONSTANT_CONVERSION = YES;
				CLANG_WARN_DIRECT_OBJC_ISA_USAGE = YES_ERROR;
				CLANG_WARN_DOCUMENTATION_COMMENTS = YES;
				CLANG_WARN_EMPTY_BODY = YES;
				CLANG_WARN_ENUM_CONVERSION = YES;
				CLANG_WARN_INFINITE_RECURSION = YES;
				CLANG_WARN_INT_CONVERSION = YES;
				CLANG_WARN_OBJC_ROOT_CLASS = YES_ERROR;
				CLANG_WARN_SUSPICIOUS_MOVES = YES;
				CLANG_WARN_UNREACHABLE_CODE = YES;
				CLANG_WARN__DUPLICATE_METHOD_MATCH = YES;
				CODE_SIGN_IDENTITY = "-";
				COPY_PHASE_STRIP = NO;
				DEBUG_INFORMATION_FORMAT = dwarf;
				ENABLE_STRICT_OBJC_MSGSEND = YES;
				ENABLE_TESTABILITY = YES;
				GCC_C_LANGUAGE_STANDARD = gnu99;
				GCC_DYNAMIC_NO_PIC = NO;
				GCC_NO_COMMON_BLOCKS = YES;
				GCC_OPTIMIZATION_LEVEL = 0;
				GCC_PREPROCESSOR_DEFINITIONS = (
					"DEBUG=1",
					"$(inherited)",
				);
				GCC_WARN_64_TO_32_BIT_CONVERSION = YES;
				GCC_WARN_ABOUT_RETURN_TYPE = YES_ERROR;
				GCC_WARN_UNDECLARED_SELECTOR = YES;
				GCC_WARN_UNINITIALIZED_AUTOS = YES_AGGRESSIVE;
				GCC_WARN_UNUSED_FUNCTION = YES;
				GCC_WARN_UNUSED_VARIABLE = YES;
				HEADER_SEARCH_PATHS = ../include;
				MACOSX_DEPLOYMENT_TARGET = 10.12;
				MTL_ENABLE_DEBUG_INFO = YES;
				ONLY_ACTIVE_ARCH = YES;
				SDKROOT = macosx;
			};
			name = Debug;
		};
		903C0D0A1E64592200D5F752 /* Release */ = {
			isa = XCBuildConfiguration;
			buildSettings = {
				ALWAYS_SEARCH_USER_PATHS = NO;
				CLANG_ANALYZER_NONNULL = YES;
				CLANG_CXX_LANGUAGE_STANDARD = "c++14";
				CLANG_CXX_LIBRARY = "libc++";
				CLANG_ENABLE_MODULES = YES;
				CLANG_ENABLE_OBJC_ARC = YES;
				CLANG_WARN_BOOL_CONVERSION = YES;
				CLANG_WARN_CONSTANT_CONVERSION = YES;
				CLANG_WARN_DIRECT_OBJC_ISA_USAGE = YES_ERROR;
				CLANG_WARN_DOCUMENTATION_COMMENTS = YES;
				CLANG_WARN_EMPTY_BODY = YES;
				CLANG_WARN_ENUM_CONVERSION = YES;
				CLANG_WARN_INFINITE_RECURSION = YES;
				CLANG_WARN_INT_CONVERSION = YES;
				CLANG_WARN_OBJC_ROOT_CLASS = YES_ERROR;
				CLANG_WARN_SUSPICIOUS_MOVES = YES;
				CLANG_WARN_UNREACHABLE_CODE = YES;
				CLANG_WARN__DUPLICATE_METHOD_MATCH = YES;
				CODE_SIGN_IDENTITY = "-";
				COPY_PHASE_STRIP = NO;
				DEBUG_INFORMATION_FORMAT = "dwarf-with-dsym";
				ENABLE_NS_ASSERTIONS = NO;
				ENABLE_STRICT_OBJC_MSGSEND = YES;
				GCC_C_LANGUAGE_STANDARD = gnu99;
				GCC_NO_COMMON_BLOCKS = YES;
				GCC_WARN_64_TO_32_BIT_CONVERSION = YES;
				GCC_WARN_ABOUT_RETURN_TYPE = YES_ERROR;
				GCC_WARN_UNDECLARED_SELECTOR = YES;
				GCC_WARN_UNINITIALIZED_AUTOS = YES_AGGRESSIVE;
				GCC_WARN_UNUSED_FUNCTION = YES;
				GCC_WARN_UNUSED_VARIABLE = YES;
				HEADER_SEARCH_PATHS = ../include;
				MACOSX_DEPLOYMENT_TARGET = 10.12;
				MTL_ENABLE_DEBUG_INFO = NO;
				SDKROOT = macosx;
			};
			name = Release;
		};
		903C0D0C1E64592200D5F752 /* Debug */ = {
			isa = XCBuildConfiguration;
			buildSettings = {
				PRODUCT_NAME = "$(TARGET_NAME)";
			};
			name = Debug;
		};
		903C0D0D1E64592200D5F752 /* Release */ = {
			isa = XCBuildConfiguration;
			buildSettings = {
				PRODUCT_NAME = "$(TARGET_NAME)";
			};
			name = Release;
		};
/* End XCBuildConfiguration section */

/* Begin XCConfigurationList section */
		903C0CFF1E64592200D5F752 /* Build configuration list for PBXProject "Shan.JSON" */ = {
			isa = XCConfigurationList;
			buildConfigurations = (
				903C0D091E64592200D5F752 /* Debug */,
				903C0D0A1E64592200D5F752 /* Release */,
			);
			defaultConfigurationIsVisible = 0;
			defaultConfigurationName = Release;
		};
		903C0D0B1E64592200D5F752 /* Build configuration list for PBXNativeTarget "Shan.JSON" */ = {
			isa = XCConfigurationList;
			buildConfigurations = (
				903C0D0C1E64592200D5F752 /* Debug */,
				903C0D0D1E64592200D5F752 /* Release */,
			);
			defaultConfigurationIsVisible = 0;
			defaultConfigurationName = Release;
		};
/* End XCConfigurationList section */
	};
	rootObject = 903C0CFC1E64592200D5F752 /* Project object */;
}
